
Microsoft Visual Studio Solution File, Format Version 12.00
# Visual Studio 15
VisualStudioVersion = 15.0.27428.2015
MinimumVisualStudioVersion = 10.0.40219.1
Project("{FAE04EC0-301F-11D3-BF4B-00C04F79EFBC}") = "DbDocuments", "DbDocuments\DbDocuments.csproj", "{5BD6499E-5509-4B14-94C8-6875ECC2B6A8}"
EndProject
Global
	GlobalSection(SolutionConfigurationPlatforms) = preSolution
		Debug|Any CPU = Debug|Any CPU
		Release|Any CPU = Release|Any CPU
	EndGlobalSection
	GlobalSection(ProjectConfigurationPlatforms) = postSolution
		{5BD6499E-5509-4B14-94C8-6875ECC2B6A8}.Debug|Any CPU.ActiveCfg = Debug|Any CPU
		{5BD6499E-5509-4B14-94C8-6875ECC2B6A8}.Debug|Any CPU.Build.0 = Debug|Any CPU
		{5BD6499E-5509-4B14-94C8-6875ECC2B6A8}.Release|Any CPU.ActiveCfg = Release|Any CPU
		{5BD6499E-5509-4B14-94C8-6875ECC2B6A8}.Release|Any CPU.Build.0 = Release|Any CPU
	EndGlobalSection
	GlobalSection(SolutionProperties) = preSolution
		HideSolutionNode = FALSE
	EndGlobalSection
	GlobalSection(ExtensibilityGlobals) = postSolution
		SolutionGuid = {7B17FA34-FF13-4E11-ADD8-E7CA03050BE5}
	EndGlobalSection
EndGlobal
